
Microsoft Visual Studio Solution File, Format Version 12.00
# Visual Studio Version 17
VisualStudioVersion = 17.6.33723.286
MinimumVisualStudioVersion = 10.0.40219.1
Project("{FAE04EC0-301F-11D3-BF4B-00C04F79EFBC}") = "CourseRequest_(.Net Framework)", "CourseRequest_(.Net Framework)\CourseRequest_(.Net Framework).csproj", "{625526A7-ED0C-40F9-A8FC-72AF515A81CA}"
EndProject
Global
	GlobalSection(SolutionConfigurationPlatforms) = preSolution
		Debug|Any CPU = Debug|Any CPU
		Release|Any CPU = Release|Any CPU
	EndGlobalSection
	GlobalSection(ProjectConfigurationPlatforms) = postSolution
		{625526A7-ED0C-40F9-A8FC-72AF515A81CA}.Debug|Any CPU.ActiveCfg = Debug|Any CPU
		{625526A7-ED0C-40F9-A8FC-72AF515A81CA}.Debug|Any CPU.Build.0 = Debug|Any CPU
		{625526A7-ED0C-40F9-A8FC-72AF515A81CA}.Release|Any CPU.ActiveCfg = Release|Any CPU
		{625526A7-ED0C-40F9-A8FC-72AF515A81CA}.Release|Any CPU.Build.0 = Release|Any CPU
	EndGlobalSection
	GlobalSection(SolutionProperties) = preSolution
		HideSolutionNode = FALSE
	EndGlobalSection
	GlobalSection(ExtensibilityGlobals) = postSolution
		SolutionGuid = {A1112F15-495D-4397-9711-356F75416E9F}
	EndGlobalSection
EndGlobal
